{
  "name": "cli",
  "version": "1.0.0",
  "lockfileVersion": 2,
  "requires": true,
  "packages": {
    "": {
      "name": "cli",
      "version": "1.0.0",
      "license": "ISC",
      "dependencies": {
        "@stencil/core": "^3.2.1"
      }
    },
    "node_modules/@stencil/core": {
      "version": "3.2.1",
      "resolved": "https://registry.npmjs.org/@stencil/core/-/core-3.2.1.tgz",
      "integrity": "sha512-Ybm4NteQBScLq3H0JML/uqo4nWjNpZw1HAAURtR5LlRm7ptzNKO5S8EnHp3m05/uyTzeh9yLpUFHY7bxGNdYLg==",
      "bin": {
        "stencil": "bin/stencil"
      },
      "engines": {
        "node": ">=14.10.0",
        "npm": ">=6.0.0"
      }
    }
  },
  "dependencies": {
    "@stencil/core": {
      "version": "3.2.1",
      "resolved": "https://registry.npmjs.org/@stencil/core/-/core-3.2.1.tgz",
      "integrity": "sha512-Ybm4NteQBScLq3H0JML/uqo4nWjNpZw1HAAURtR5LlRm7ptzNKO5S8EnHp3m05/uyTzeh9yLpUFHY7bxGNdYLg=="
    }
  }
}
