{
  "name": "@ey/cli",
  "version": "0.0.1",
  "lockfileVersion": 1,
  "requires": true,
  "dependencies": {
    "flatted": {
      "version": "3.2.2",
      "resolved": "https://registry.npmjs.org/flatted/-/flatted-3.2.2.tgz",
      "integrity": "sha512-JaTY/wtrcSyvXJl4IMFHPKyFur1sE9AUqc0QnhOaJ0CxHtAoIV8pYDzeEfAaNEtGkOfq4gr3LBFmdXW5mOQFnA=="
    },
    "lodash": {
      "version": "4.17.21",
      "resolved": "https://registry.npmjs.org/lodash/-/lodash-4.17.21.tgz",
      "integrity": "sha512-v2kDEe57lecTulaDIuNTPy3Ry4gLGJ6Z1O3vE1krgXZNrsQ+LFTGHVxVjcXPs17LhbZVGedAJv8XZ1tvj5FvSg=="
    }
  }
}
